{
  "name": "make_font",
  "version": "1.0.0",
  "lockfileVersion": 1,
  "requires": true,
  "dependencies": {
    "@types/node": {
      "version": "14.0.20",
      "resolved": "https://registry.npm.taobao.org/@types/node/download/@types/node-14.0.20.tgz?cache=0&sync_timestamp=1594229641674&other_urls=https%3A%2F%2Fregistry.npm.taobao.org%2F%40types%2Fnode%2Fdownload%2F%40types%2Fnode-14.0.20.tgz",
      "integrity": "sha1-DaBc3bx2Hh+piviKFyRMjB/zcjE=",
      "dev": true
    },
    "@types/opentype.js": {
      "version": "0.7.2",
      "resolved": "https://registry.npm.taobao.org/@types/opentype.js/download/@types/opentype.js-0.7.2.tgz",
      "integrity": "sha1-ztWxF6VzZXjGudg141sCBMbvLo8=",
      "dev": true
    },
    "iconv-lite": {
      "version": "0.6.2",
      "resolved": "https://registry.npm.taobao.org/iconv-lite/download/iconv-lite-0.6.2.tgz?cache=0&sync_timestamp=1594184264130&other_urls=https%3A%2F%2Fregistry.npm.taobao.org%2Ficonv-lite%2Fdownload%2Ficonv-lite-0.6.2.tgz",
      "integrity": "sha1-zhPRh1sMOmdL1qBLf3awGxtt7QE=",
      "requires": {
        "safer-buffer": ">= 2.1.2 < 3.0.0"
      }
    },
    "opentype.js": {
      "version": "1.3.3",
      "resolved": "https://registry.npm.taobao.org/opentype.js/download/opentype.js-1.3.3.tgz",
      "integrity": "sha1-ZbhkWwkKGtREBlt4TUQvoZ0QYfY=",
      "requires": {
        "string.prototype.codepointat": "^0.2.1",
        "tiny-inflate": "^1.0.3"
      }
    },
    "safer-buffer": {
      "version": "2.1.2",
      "resolved": "https://registry.npm.taobao.org/safer-buffer/download/safer-buffer-2.1.2.tgz?cache=0&other_urls=https%3A%2F%2Fregistry.npm.taobao.org%2Fsafer-buffer%2Fdownload%2Fsafer-buffer-2.1.2.tgz",
      "integrity": "sha1-RPoWGwGHuVSd2Eu5GAL5vYOFzWo="
    },
    "string.prototype.codepointat": {
      "version": "0.2.1",
      "resolved": "https://registry.npm.taobao.org/string.prototype.codepointat/download/string.prototype.codepointat-0.2.1.tgz",
      "integrity": "sha1-AErUTIr8cnUnsQjNRitNlxzUabw="
    },
    "tiny-inflate": {
      "version": "1.0.3",
      "resolved": "https://registry.npm.taobao.org/tiny-inflate/download/tiny-inflate-1.0.3.tgz",
      "integrity": "sha1-EicVSUkToYBRZqr3yTRnkz7qJsQ="
    },
    "typescript": {
      "version": "3.9.6",
      "resolved": "https://registry.npm.taobao.org/typescript/download/typescript-3.9.6.tgz",
      "integrity": "sha1-jz4BmKNMOuFwkbNVcdOv0xmZNlo="
    }
  }
}
